
Microsoft Visual Studio Solution File, Format Version 12.00
# Visual Studio 15
VisualStudioVersion = 15.0.26730.12
MinimumVisualStudioVersion = 10.0.40219.1
Project("{FAE04EC0-301F-11D3-BF4B-00C04F79EFBC}") = "Shop", "Shop\Shop.csproj", "{75C52E83-E021-4C34-A870-06EE6F921C14}"
EndProject
Project("{FAE04EC0-301F-11D3-BF4B-00C04F79EFBC}") = "ShopTests", "ShopTests\ShopTests.csproj", "{558A31D3-E18F-4F38-B634-A3AA3D30320B}"
EndProject
Project("{FAE04EC0-301F-11D3-BF4B-00C04F79EFBC}") = "ShopLib", "ShopLib\ShopLib.csproj", "{60E2FA02-37CD-4B28-A9F5-155A0EDD3766}"
EndProject
Project("{FAE04EC0-301F-11D3-BF4B-00C04F79EFBC}") = "ShopForms", "ShopForms\ShopForms.csproj", "{F6E3D2A0-577B-4EF5-81CC-1F9218067DEB}"
EndProject
Global
	GlobalSection(SolutionConfigurationPlatforms) = preSolution
		Debug|Any CPU = Debug|Any CPU
		Release|Any CPU = Release|Any CPU
	EndGlobalSection
	GlobalSection(ProjectConfigurationPlatforms) = postSolution
		{75C52E83-E021-4C34-A870-06EE6F921C14}.Debug|Any CPU.ActiveCfg = Debug|Any CPU
		{75C52E83-E021-4C34-A870-06EE6F921C14}.Debug|Any CPU.Build.0 = Debug|Any CPU
		{75C52E83-E021-4C34-A870-06EE6F921C14}.Release|Any CPU.ActiveCfg = Release|Any CPU
		{75C52E83-E021-4C34-A870-06EE6F921C14}.Release|Any CPU.Build.0 = Release|Any CPU
		{558A31D3-E18F-4F38-B634-A3AA3D30320B}.Debug|Any CPU.ActiveCfg = Debug|Any CPU
		{558A31D3-E18F-4F38-B634-A3AA3D30320B}.Debug|Any CPU.Build.0 = Debug|Any CPU
		{558A31D3-E18F-4F38-B634-A3AA3D30320B}.Release|Any CPU.ActiveCfg = Release|Any CPU
		{558A31D3-E18F-4F38-B634-A3AA3D30320B}.Release|Any CPU.Build.0 = Release|Any CPU
		{60E2FA02-37CD-4B28-A9F5-155A0EDD3766}.Debug|Any CPU.ActiveCfg = Debug|Any CPU
		{60E2FA02-37CD-4B28-A9F5-155A0EDD3766}.Debug|Any CPU.Build.0 = Debug|Any CPU
		{60E2FA02-37CD-4B28-A9F5-155A0EDD3766}.Release|Any CPU.ActiveCfg = Release|Any CPU
		{60E2FA02-37CD-4B28-A9F5-155A0EDD3766}.Release|Any CPU.Build.0 = Release|Any CPU
		{F6E3D2A0-577B-4EF5-81CC-1F9218067DEB}.Debug|Any CPU.ActiveCfg = Debug|Any CPU
		{F6E3D2A0-577B-4EF5-81CC-1F9218067DEB}.Debug|Any CPU.Build.0 = Debug|Any CPU
		{F6E3D2A0-577B-4EF5-81CC-1F9218067DEB}.Release|Any CPU.ActiveCfg = Release|Any CPU
		{F6E3D2A0-577B-4EF5-81CC-1F9218067DEB}.Release|Any CPU.Build.0 = Release|Any CPU
	EndGlobalSection
	GlobalSection(SolutionProperties) = preSolution
		HideSolutionNode = FALSE
	EndGlobalSection
	GlobalSection(ExtensibilityGlobals) = postSolution
		SolutionGuid = {3D1B3E3B-6BAD-4DCD-BE0D-4FD492CD2926}
	EndGlobalSection
EndGlobal
